
Microsoft Visual Studio Solution File, Format Version 12.00
# Visual Studio Version 17
VisualStudioVersion = 17.3.32901.215
MinimumVisualStudioVersion = 10.0.40219.1
Project("{FAE04EC0-301F-11D3-BF4B-00C04F79EFBC}") = "Shopping-Cart-Api", "Shopping-Cart-Api.csproj", "{79E5A100-6593-4FF1-98E4-7F88FFCB26AB}"
EndProject
Global
	GlobalSection(SolutionConfigurationPlatforms) = preSolution
		Debug|Any CPU = Debug|Any CPU
		Release|Any CPU = Release|Any CPU
	EndGlobalSection
	GlobalSection(ProjectConfigurationPlatforms) = postSolution
		{79E5A100-6593-4FF1-98E4-7F88FFCB26AB}.Debug|Any CPU.ActiveCfg = Debug|Any CPU
		{79E5A100-6593-4FF1-98E4-7F88FFCB26AB}.Debug|Any CPU.Build.0 = Debug|Any CPU
		{79E5A100-6593-4FF1-98E4-7F88FFCB26AB}.Release|Any CPU.ActiveCfg = Release|Any CPU
		{79E5A100-6593-4FF1-98E4-7F88FFCB26AB}.Release|Any CPU.Build.0 = Release|Any CPU
	EndGlobalSection
	GlobalSection(SolutionProperties) = preSolution
		HideSolutionNode = FALSE
	EndGlobalSection
	GlobalSection(ExtensibilityGlobals) = postSolution
		SolutionGuid = {A12B89DD-FABD-4F9F-985C-526DA37C82E8}
	EndGlobalSection
EndGlobal
